
Microsoft Visual Studio Solution File, Format Version 12.00
# Visual Studio Version 17
VisualStudioVersion = 17.8.34525.116
MinimumVisualStudioVersion = 10.0.40219.1
Project("{9A19103F-16F7-4668-BE54-9A1E7A4F7556}") = "VillageNewbies", "VillageNewbies\VillageNewbies.csproj", "{609F4732-AB1F-4F2B-B22C-CB7ADD7D555D}"
EndProject
Project("{2150E333-8FDC-42A3-9474-1A3956D46DE8}") = "Solution Items", "Solution Items", "{E01531C2-1D02-46C7-B143-57C79C565C13}"
EndProject
Global
	GlobalSection(SolutionConfigurationPlatforms) = preSolution
		Debug|Any CPU = Debug|Any CPU
		Release|Any CPU = Release|Any CPU
	EndGlobalSection
	GlobalSection(ProjectConfigurationPlatforms) = postSolution
		{609F4732-AB1F-4F2B-B22C-CB7ADD7D555D}.Debug|Any CPU.ActiveCfg = Debug|Any CPU
		{609F4732-AB1F-4F2B-B22C-CB7ADD7D555D}.Debug|Any CPU.Build.0 = Debug|Any CPU
		{609F4732-AB1F-4F2B-B22C-CB7ADD7D555D}.Debug|Any CPU.Deploy.0 = Debug|Any CPU
		{609F4732-AB1F-4F2B-B22C-CB7ADD7D555D}.Release|Any CPU.ActiveCfg = Release|Any CPU
		{609F4732-AB1F-4F2B-B22C-CB7ADD7D555D}.Release|Any CPU.Build.0 = Release|Any CPU
		{609F4732-AB1F-4F2B-B22C-CB7ADD7D555D}.Release|Any CPU.Deploy.0 = Release|Any CPU
	EndGlobalSection
	GlobalSection(SolutionProperties) = preSolution
		HideSolutionNode = FALSE
	EndGlobalSection
	GlobalSection(ExtensibilityGlobals) = postSolution
		SolutionGuid = {4CF1691C-D648-408B-9532-C66697B25E2C}
	EndGlobalSection
EndGlobal
